
Microsoft Visual Studio Solution File, Format Version 12.00
# Visual Studio Version 17
VisualStudioVersion = 17.14.36327.8
MinimumVisualStudioVersion = 10.0.40219.1
Project("{FAE04EC0-301F-11D3-BF4B-00C04F79EFBC}") = "TKPM", "TKPM.csproj", "{C12480B5-F6B0-411F-8A8A-F5B3F3284991}"
EndProject
Global
	GlobalSection(SolutionConfigurationPlatforms) = preSolution
		Debug|Any CPU = Debug|Any CPU
		Release|Any CPU = Release|Any CPU
	EndGlobalSection
	GlobalSection(ProjectConfigurationPlatforms) = postSolution
		{C12480B5-F6B0-411F-8A8A-F5B3F3284991}.Debug|Any CPU.ActiveCfg = Debug|Any CPU
		{C12480B5-F6B0-411F-8A8A-F5B3F3284991}.Debug|Any CPU.Build.0 = Debug|Any CPU
		{C12480B5-F6B0-411F-8A8A-F5B3F3284991}.Release|Any CPU.ActiveCfg = Release|Any CPU
		{C12480B5-F6B0-411F-8A8A-F5B3F3284991}.Release|Any CPU.Build.0 = Release|Any CPU
	EndGlobalSection
	GlobalSection(SolutionProperties) = preSolution
		HideSolutionNode = FALSE
	EndGlobalSection
	GlobalSection(ExtensibilityGlobals) = postSolution
		SolutionGuid = {9DD7BCBE-11AE-41BC-B285-8A0FA5DDEDCF}
	EndGlobalSection
EndGlobal
